
Microsoft Visual Studio Solution File, Format Version 12.00
# Visual Studio 15
VisualStudioVersion = 15.0.26730.12
MinimumVisualStudioVersion = 10.0.40219.1
Project("{2150E333-8FDC-42A3-9474-1A3956D46DE8}") = "src", "src", "{0FAFC1B8-B0C8-494E-A58A-39B22DB04735}"
EndProject
Project("{9A19103F-16F7-4668-BE54-9A1E7A4F7556}") = "EthereumSamurai.EventProvider.Api", "src\EthereumSamurai.EventProvider.Api\EthereumSamurai.EventProvider.Api.csproj", "{EA6CE6A6-4D7A-4754-85C1-3713B1E1EB0D}"
EndProject
Project("{9A19103F-16F7-4668-BE54-9A1E7A4F7556}") = "EthereumSamurai.EventProvider", "src\EthereumSamurai.EventProvider\EthereumSamurai.EventProvider.csproj", "{72B82708-4A41-4EB9-8843-E82624C88BEE}"
EndProject
Project("{9A19103F-16F7-4668-BE54-9A1E7A4F7556}") = "EthereumSamurai.EventProvider.Service", "src\EthereumSamurai.EventProvider.Service\EthereumSamurai.EventProvider.Service.csproj", "{861633C1-7FFA-452D-9C0A-412A51BD12C2}"
EndProject
Project("{9A19103F-16F7-4668-BE54-9A1E7A4F7556}") = "EthereumSamurai.EventProvider.Notifications", "src\EthereumSamurai.EventProvider.Notifications\EthereumSamurai.EventProvider.Notifications.csproj", "{7971DA52-FCFE-471B-955A-32F8066A2E0F}"
EndProject
Project("{9A19103F-16F7-4668-BE54-9A1E7A4F7556}") = "EthereumSamurai.EventProvider.Service.Actors", "src\EthereumSamurai.EventProvider.Service.Actors\EthereumSamurai.EventProvider.Service.Actors.csproj", "{E62565EB-C0E8-451A-A2E6-07C6DB3859B3}"
EndProject
Project("{9A19103F-16F7-4668-BE54-9A1E7A4F7556}") = "EthereumSamurai.EventProvider.Core", "src\EthereumSamurai.EventProvider.Core\EthereumSamurai.EventProvider.Core.csproj", "{B72BE251-3862-4816-99F7-6E4D1ABF0FF8}"
EndProject
Project("{2150E333-8FDC-42A3-9474-1A3956D46DE8}") = "test", "test", "{EBE2F530-8B9B-47A7-B864-C91FDB228FAA}"
EndProject
Project("{9A19103F-16F7-4668-BE54-9A1E7A4F7556}") = "EthereumSamurai.EventProvider.Core.Tests", "test\EthereumSamurai.EventProvider.Core.Tests\EthereumSamurai.EventProvider.Core.Tests.csproj", "{7DF16F00-B902-4616-88E7-DCDBB340C7A6}"
EndProject
Project("{9A19103F-16F7-4668-BE54-9A1E7A4F7556}") = "EthereumSamurai.EventProvider.Api.Tests", "test\EthereumSamurai.EventProvider.Api.Tests\EthereumSamurai.EventProvider.Api.Tests.csproj", "{E2D964ED-634C-475A-9270-2C010D73DCD0}"
EndProject
Project("{E53339B2-1760-4266-BCC7-CA923CBCF16C}") = "docker-compose", "docker-compose.dcproj", "{A3BF315A-4B59-45E7-AF6D-87CB57B323CC}"
EndProject
Global
	GlobalSection(SolutionConfigurationPlatforms) = preSolution
		Debug|Any CPU = Debug|Any CPU
		Release|Any CPU = Release|Any CPU
	EndGlobalSection
	GlobalSection(ProjectConfigurationPlatforms) = postSolution
		{EA6CE6A6-4D7A-4754-85C1-3713B1E1EB0D}.Debug|Any CPU.ActiveCfg = Debug|Any CPU
		{EA6CE6A6-4D7A-4754-85C1-3713B1E1EB0D}.Debug|Any CPU.Build.0 = Debug|Any CPU
		{EA6CE6A6-4D7A-4754-85C1-3713B1E1EB0D}.Release|Any CPU.ActiveCfg = Release|Any CPU
		{EA6CE6A6-4D7A-4754-85C1-3713B1E1EB0D}.Release|Any CPU.Build.0 = Release|Any CPU
		{72B82708-4A41-4EB9-8843-E82624C88BEE}.Debug|Any CPU.ActiveCfg = Debug|Any CPU
		{72B82708-4A41-4EB9-8843-E82624C88BEE}.Debug|Any CPU.Build.0 = Debug|Any CPU
		{72B82708-4A41-4EB9-8843-E82624C88BEE}.Release|Any CPU.ActiveCfg = Release|Any CPU
		{72B82708-4A41-4EB9-8843-E82624C88BEE}.Release|Any CPU.Build.0 = Release|Any CPU
		{861633C1-7FFA-452D-9C0A-412A51BD12C2}.Debug|Any CPU.ActiveCfg = Debug|Any CPU
		{861633C1-7FFA-452D-9C0A-412A51BD12C2}.Debug|Any CPU.Build.0 = Debug|Any CPU
		{861633C1-7FFA-452D-9C0A-412A51BD12C2}.Release|Any CPU.ActiveCfg = Release|Any CPU
		{861633C1-7FFA-452D-9C0A-412A51BD12C2}.Release|Any CPU.Build.0 = Release|Any CPU
		{7971DA52-FCFE-471B-955A-32F8066A2E0F}.Debug|Any CPU.ActiveCfg = Debug|Any CPU
		{7971DA52-FCFE-471B-955A-32F8066A2E0F}.Debug|Any CPU.Build.0 = Debug|Any CPU
		{7971DA52-FCFE-471B-955A-32F8066A2E0F}.Release|Any CPU.ActiveCfg = Release|Any CPU
		{7971DA52-FCFE-471B-955A-32F8066A2E0F}.Release|Any CPU.Build.0 = Release|Any CPU
		{E62565EB-C0E8-451A-A2E6-07C6DB3859B3}.Debug|Any CPU.ActiveCfg = Debug|Any CPU
		{E62565EB-C0E8-451A-A2E6-07C6DB3859B3}.Debug|Any CPU.Build.0 = Debug|Any CPU
		{E62565EB-C0E8-451A-A2E6-07C6DB3859B3}.Release|Any CPU.ActiveCfg = Release|Any CPU
		{E62565EB-C0E8-451A-A2E6-07C6DB3859B3}.Release|Any CPU.Build.0 = Release|Any CPU
		{B72BE251-3862-4816-99F7-6E4D1ABF0FF8}.Debug|Any CPU.ActiveCfg = Debug|Any CPU
		{B72BE251-3862-4816-99F7-6E4D1ABF0FF8}.Debug|Any CPU.Build.0 = Debug|Any CPU
		{B72BE251-3862-4816-99F7-6E4D1ABF0FF8}.Release|Any CPU.ActiveCfg = Release|Any CPU
		{B72BE251-3862-4816-99F7-6E4D1ABF0FF8}.Release|Any CPU.Build.0 = Release|Any CPU
		{7DF16F00-B902-4616-88E7-DCDBB340C7A6}.Debug|Any CPU.ActiveCfg = Debug|Any CPU
		{7DF16F00-B902-4616-88E7-DCDBB340C7A6}.Debug|Any CPU.Build.0 = Debug|Any CPU
		{7DF16F00-B902-4616-88E7-DCDBB340C7A6}.Release|Any CPU.ActiveCfg = Release|Any CPU
		{7DF16F00-B902-4616-88E7-DCDBB340C7A6}.Release|Any CPU.Build.0 = Release|Any CPU
		{E2D964ED-634C-475A-9270-2C010D73DCD0}.Debug|Any CPU.ActiveCfg = Debug|Any CPU
		{E2D964ED-634C-475A-9270-2C010D73DCD0}.Debug|Any CPU.Build.0 = Debug|Any CPU
		{E2D964ED-634C-475A-9270-2C010D73DCD0}.Release|Any CPU.ActiveCfg = Release|Any CPU
		{E2D964ED-634C-475A-9270-2C010D73DCD0}.Release|Any CPU.Build.0 = Release|Any CPU
		{A3BF315A-4B59-45E7-AF6D-87CB57B323CC}.Debug|Any CPU.ActiveCfg = Debug|Any CPU
		{A3BF315A-4B59-45E7-AF6D-87CB57B323CC}.Debug|Any CPU.Build.0 = Debug|Any CPU
		{A3BF315A-4B59-45E7-AF6D-87CB57B323CC}.Release|Any CPU.ActiveCfg = Release|Any CPU
		{A3BF315A-4B59-45E7-AF6D-87CB57B323CC}.Release|Any CPU.Build.0 = Release|Any CPU
	EndGlobalSection
	GlobalSection(SolutionProperties) = preSolution
		HideSolutionNode = FALSE
	EndGlobalSection
	GlobalSection(NestedProjects) = preSolution
		{EA6CE6A6-4D7A-4754-85C1-3713B1E1EB0D} = {0FAFC1B8-B0C8-494E-A58A-39B22DB04735}
		{72B82708-4A41-4EB9-8843-E82624C88BEE} = {0FAFC1B8-B0C8-494E-A58A-39B22DB04735}
		{861633C1-7FFA-452D-9C0A-412A51BD12C2} = {0FAFC1B8-B0C8-494E-A58A-39B22DB04735}
		{7971DA52-FCFE-471B-955A-32F8066A2E0F} = {0FAFC1B8-B0C8-494E-A58A-39B22DB04735}
		{E62565EB-C0E8-451A-A2E6-07C6DB3859B3} = {0FAFC1B8-B0C8-494E-A58A-39B22DB04735}
		{B72BE251-3862-4816-99F7-6E4D1ABF0FF8} = {0FAFC1B8-B0C8-494E-A58A-39B22DB04735}
		{7DF16F00-B902-4616-88E7-DCDBB340C7A6} = {EBE2F530-8B9B-47A7-B864-C91FDB228FAA}
		{E2D964ED-634C-475A-9270-2C010D73DCD0} = {EBE2F530-8B9B-47A7-B864-C91FDB228FAA}
		{A3BF315A-4B59-45E7-AF6D-87CB57B323CC} = {0FAFC1B8-B0C8-494E-A58A-39B22DB04735}
	EndGlobalSection
	GlobalSection(ExtensibilityGlobals) = postSolution
		SolutionGuid = {C814E8FB-3A36-4588-AF1E-4B687FE2B127}
	EndGlobalSection
EndGlobal
